
Microsoft Visual Studio Solution File, Format Version 12.00
# Visual Studio 15
VisualStudioVersion = 15.0.27703.2018
MinimumVisualStudioVersion = 10.0.40219.1
Project("{FAE04EC0-301F-11D3-BF4B-00C04F79EFBC}") = "Add_Product_Form", "Add_Product_Form\Add_Product_Form.csproj", "{80FDC41A-38A2-44FE-B04D-4686B6030F57}"
EndProject
Project("{FAE04EC0-301F-11D3-BF4B-00C04F79EFBC}") = "Add_Product_Library", "Add_Product_Library\Add_Product_Library.csproj", "{EDA51909-C572-4D15-84C5-9D4B842268BC}"
EndProject
Global
	GlobalSection(SolutionConfigurationPlatforms) = preSolution
		Debug|Any CPU = Debug|Any CPU
		Release|Any CPU = Release|Any CPU
	EndGlobalSection
	GlobalSection(ProjectConfigurationPlatforms) = postSolution
		{80FDC41A-38A2-44FE-B04D-4686B6030F57}.Debug|Any CPU.ActiveCfg = Debug|Any CPU
		{80FDC41A-38A2-44FE-B04D-4686B6030F57}.Debug|Any CPU.Build.0 = Debug|Any CPU
		{80FDC41A-38A2-44FE-B04D-4686B6030F57}.Release|Any CPU.ActiveCfg = Release|Any CPU
		{80FDC41A-38A2-44FE-B04D-4686B6030F57}.Release|Any CPU.Build.0 = Release|Any CPU
		{EDA51909-C572-4D15-84C5-9D4B842268BC}.Debug|Any CPU.ActiveCfg = Debug|Any CPU
		{EDA51909-C572-4D15-84C5-9D4B842268BC}.Debug|Any CPU.Build.0 = Debug|Any CPU
		{EDA51909-C572-4D15-84C5-9D4B842268BC}.Release|Any CPU.ActiveCfg = Release|Any CPU
		{EDA51909-C572-4D15-84C5-9D4B842268BC}.Release|Any CPU.Build.0 = Release|Any CPU
	EndGlobalSection
	GlobalSection(SolutionProperties) = preSolution
		HideSolutionNode = FALSE
	EndGlobalSection
	GlobalSection(ExtensibilityGlobals) = postSolution
		SolutionGuid = {D7A6C88F-A65D-4EEA-AE86-7F10F40D66AA}
	EndGlobalSection
EndGlobal
